{
  "name": "dessiner",
  "version": "1.0.0",
  "lockfileVersion": 1,
  "requires": true,
  "dependencies": {
    "hint.css": {
      "version": "2.6.0",
      "resolved": "https://registry.npmjs.org/hint.css/-/hint.css-2.6.0.tgz",
      "integrity": "sha512-SnCLQOoPQt4fuHbOOvEL3UZwL0SPFtKMN4YIxAvBTe4oFUtBAT4R2Kk1uk3x5hgN+0xzOb6LFEQf5StbYfNm8w=="
    }
  }
}
